// !$*UTF8*$!
{
	archiveVersion = 1;
	classes = {
	};
	objectVersion = 55;
	objects = {

/* Begin PBXBuildFile section */
		B592DD47286C93B800AEF5E2 /* main.cpp in Sources */ = {isa = PBXBuildFile; fileRef = B592DD46286C93B800AEF5E2 /* main.cpp */; };
		B5A7797E286D8D5A0021098E /* libopencv_imgproc.4.5.5.dylib in Frameworks */ = {isa = PBXBuildFile; fileRef = B5A7790E286D8D4D0021098E /* libopencv_imgproc.4.5.5.dylib */; };
		B5A7797F286D8D5B0021098E /* libopencv_stitching.4.5.5.dylib in Frameworks */ = {isa = PBXBuildFile; fileRef = B5A7790F286D8D4D0021098E /* libopencv_stitching.4.5.5.dylib */; };
		B5A77980286D8D5B0021098E /* libopencv_hfs.4.5.5.dylib in Frameworks */ = {isa = PBXBuildFile; fileRef = B5A77910286D8D4E0021098E /* libopencv_hfs.4.5.5.dylib */; };
		B5A77981286D8D5B0021098E /* libopencv_dpm.4.5.5.dylib in Frameworks */ = {isa = PBXBuildFile; fileRef = B5A77911286D8D4E0021098E /* libopencv_dpm.4.5.5.dylib */; };
		B5A77982286D8D5B0021098E /* libopencv_mcc.4.5.5.dylib in Frameworks */ = {isa = PBXBuildFile; fileRef = B5A77912286D8D4E0021098E /* libopencv_mcc.4.5.5.dylib */; };
		B5A77983286D8D5B0021098E /* libopencv_plot.a in Frameworks */ = {isa = PBXBuildFile; fileRef = B5A77913286D8D4E0021098E /* libopencv_plot.a */; };
		B5A77984286D8D5B0021098E /* libopencv_face.4.5.5.dylib in Frameworks */ = {isa = PBXBuildFile; fileRef = B5A77914286D8D4E0021098E /* libopencv_face.4.5.5.dylib */; };
		B5A77985286D8D5B0021098E /* libopencv_imgproc.a in Frameworks */ = {isa = PBXBuildFile; fileRef = B5A77915286D8D4E0021098E /* libopencv_imgproc.a */; };
		B5A77986286D8D5B0021098E /* libopencv_xphoto.4.5.5.dylib in Frameworks */ = {isa = PBXBuildFile; fileRef = B5A77916286D8D4E0021098E /* libopencv_xphoto.4.5.5.dylib */; };
		B5A77987286D8D5B0021098E /* libopencv_dnn_objdetect.4.5.5.dylib in Frameworks */ = {isa = PBXBuildFile; fileRef = B5A77917286D8D4E0021098E /* libopencv_dnn_objdetect.4.5.5.dylib */; };
		B5A77988286D8D5B0021098E /* libopencv_xphoto.a in Frameworks */ = {isa = PBXBuildFile; fileRef = B5A77918286D8D4E0021098E /* libopencv_xphoto.a */; };
		B5A77989286D8D5B0021098E /* libopencv_face.a in Frameworks */ = {isa = PBXBuildFile; fileRef = B5A77919286D8D4E0021098E /* libopencv_face.a */; };
		B5A7798A286D8D5B0021098E /* libopencv_bgsegm.4.5.5.dylib in Frameworks */ = {isa = PBXBuildFile; fileRef = B5A7791A286D8D4E0021098E /* libopencv_bgsegm.4.5.5.dylib */; };
		B5A7798B286D8D5B0021098E /* libopencv_videostab.a in Frameworks */ = {isa = PBXBuildFile; fileRef = B5A7791B286D8D4E0021098E /* libopencv_videostab.a */; };
		B5A7798C286D8D5B0021098E /* libopencv_sfm.4.5.5.dylib in Frameworks */ = {isa = PBXBuildFile; fileRef = B5A7791C286D8D4E0021098E /* libopencv_sfm.4.5.5.dylib */; };
		B5A7798D286D8D5B0021098E /* libopencv_reg.a in Frameworks */ = {isa = PBXBuildFile; fileRef = B5A7791D286D8D4F0021098E /* libopencv_reg.a */; };
		B5A7798E286D8D5B0021098E /* libopencv_rapid.4.5.5.dylib in Frameworks */ = {isa = PBXBuildFile; fileRef = B5A7791E286D8D4F0021098E /* libopencv_rapid.4.5.5.dylib */; };
		B5A7798F286D8D5B0021098E /* libopencv_ximgproc.4.5.5.dylib in Frameworks */ = {isa = PBXBuildFile; fileRef = B5A7791F286D8D4F0021098E /* libopencv_ximgproc.4.5.5.dylib */; };
		B5A77990286D8D5B0021098E /* libopencv_xobjdetect.a in Frameworks */ = {isa = PBXBuildFile; fileRef = B5A77920286D8D4F0021098E /* libopencv_xobjdetect.a */; };
		B5A77991286D8D5B0021098E /* libopencv_dnn.a in Frameworks */ = {isa = PBXBuildFile; fileRef = B5A77921286D8D4F0021098E /* libopencv_dnn.a */; };
		B5A77992286D8D5B0021098E /* libopencv_tracking.a in Frameworks */ = {isa = PBXBuildFile; fileRef = B5A77922286D8D4F0021098E /* libopencv_tracking.a */; };
		B5A77993286D8D5B0021098E /* libopencv_barcode.a in Frameworks */ = {isa = PBXBuildFile; fileRef = B5A77923286D8D4F0021098E /* libopencv_barcode.a */; };
		B5A77994286D8D5B0021098E /* libopencv_xfeatures2d.4.5.5.dylib in Frameworks */ = {isa = PBXBuildFile; fileRef = B5A77924286D8D4F0021098E /* libopencv_xfeatures2d.4.5.5.dylib */; };
		B5A77995286D8D5B0021098E /* libopencv_text.4.5.5.dylib in Frameworks */ = {isa = PBXBuildFile; fileRef = B5A77925286D8D4F0021098E /* libopencv_text.4.5.5.dylib */; };
		B5A77996286D8D5B0021098E /* libopencv_phase_unwrapping.a in Frameworks */ = {isa = PBXBuildFile; fileRef = B5A77926286D8D4F0021098E /* libopencv_phase_unwrapping.a */; };
		B5A77997286D8D5B0021098E /* libopencv_structured_light.4.5.5.dylib in Frameworks */ = {isa = PBXBuildFile; fileRef = B5A77927286D8D4F0021098E /* libopencv_structured_light.4.5.5.dylib */; };
		B5A77998286D8D5B0021098E /* libopencv_saliency.a in Frameworks */ = {isa = PBXBuildFile; fileRef = B5A77928286D8D500021098E /* libopencv_saliency.a */; };
		B5A77999286D8D5B0021098E /* libopencv_aruco.a in Frameworks */ = {isa = PBXBuildFile; fileRef = B5A77929286D8D500021098E /* libopencv_aruco.a */; };
		B5A7799A286D8D5B0021098E /* libopencv_hfs.a in Frameworks */ = {isa = PBXBuildFile; fileRef = B5A7792A286D8D500021098E /* libopencv_hfs.a */; };
		B5A7799B286D8D5B0021098E /* libopencv_core.4.5.5.dylib in Frameworks */ = {isa = PBXBuildFile; fileRef = B5A7792B286D8D500021098E /* libopencv_core.4.5.5.dylib */; };
		B5A7799C286D8D5B0021098E /* libopencv_surface_matching.a in Frameworks */ = {isa = PBXBuildFile; fileRef = B5A7792C286D8D500021098E /* libopencv_surface_matching.a */; };
		B5A7799D286D8D5B0021098E /* libopencv_surface_matching.4.5.5.dylib in Frameworks */ = {isa = PBXBuildFile; fileRef = B5A7792D286D8D500021098E /* libopencv_surface_matching.4.5.5.dylib */; };
		B5A7799E286D8D5B0021098E /* libopencv_rgbd.4.5.5.dylib in Frameworks */ = {isa = PBXBuildFile; fileRef = B5A7792E286D8D500021098E /* libopencv_rgbd.4.5.5.dylib */; };
		B5A7799F286D8D5B0021098E /* libopencv_optflow.a in Frameworks */ = {isa = PBXBuildFile; fileRef = B5A7792F286D8D500021098E /* libopencv_optflow.a */; };
		B5A779A0286D8D5B0021098E /* libopencv_wechat_qrcode.a in Frameworks */ = {isa = PBXBuildFile; fileRef = B5A77930286D8D500021098E /* libopencv_wechat_qrcode.a */; };
		B5A779A1286D8D5B0021098E /* libopencv_wechat_qrcode.4.5.5.dylib in Frameworks */ = {isa = PBXBuildFile; fileRef = B5A77931286D8D500021098E /* libopencv_wechat_qrcode.4.5.5.dylib */; };
		B5A779A2286D8D5B0021098E /* libopencv_dnn_superres.4.5.5.dylib in Frameworks */ = {isa = PBXBuildFile; fileRef = B5A77932286D8D500021098E /* libopencv_dnn_superres.4.5.5.dylib */; };
		B5A779A3286D8D5B0021098E /* libopencv_photo.4.5.5.dylib in Frameworks */ = {isa = PBXBuildFile; fileRef = B5A77933286D8D510021098E /* libopencv_photo.4.5.5.dylib */; };
		B5A779A4286D8D5B0021098E /* libopencv_freetype.a in Frameworks */ = {isa = PBXBuildFile; fileRef = B5A77934286D8D510021098E /* libopencv_freetype.a */; };
		B5A779A5286D8D5B0021098E /* libopencv_rgbd.a in Frameworks */ = {isa = PBXBuildFile; fileRef = B5A77935286D8D510021098E /* libopencv_rgbd.a */; };
		B5A779A6286D8D5B0021098E /* libopencv_stereo.4.5.5.dylib in Frameworks */ = {isa = PBXBuildFile; fileRef = B5A77936286D8D510021098E /* libopencv_stereo.4.5.5.dylib */; };
		B5A779A7286D8D5B0021098E /* libopencv_objdetect.4.5.5.dylib in Frameworks */ = {isa = PBXBuildFile; fileRef = B5A77937286D8D510021098E /* libopencv_objdetect.4.5.5.dylib */; };
		B5A779A8286D8D5B0021098E /* libopencv_img_hash.a in Frameworks */ = {isa = PBXBuildFile; fileRef = B5A77938286D8D510021098E /* libopencv_img_hash.a */; };
		B5A779A9286D8D5B0021098E /* libopencv_intensity_transform.a in Frameworks */ = {isa = PBXBuildFile; fileRef = B5A77939286D8D510021098E /* libopencv_intensity_transform.a */; };
		B5A779AA286D8D5B0021098E /* libopencv_viz.a in Frameworks */ = {isa = PBXBuildFile; fileRef = B5A7793A286D8D510021098E /* libopencv_viz.a */; };
		B5A779AB286D8D5B0021098E /* libopencv_imgcodecs.4.5.5.dylib in Frameworks */ = {isa = PBXBuildFile; fileRef = B5A7793B286D8D510021098E /* libopencv_imgcodecs.4.5.5.dylib */; };
		B5A779AC286D8D5B0021098E /* libopencv_intensity_transform.4.5.5.dylib in Frameworks */ = {isa = PBXBuildFile; fileRef = B5A7793C286D8D510021098E /* libopencv_intensity_transform.4.5.5.dylib */; };
		B5A779AD286D8D5B0021098E /* libopencv_videoio.4.5.5.dylib in Frameworks */ = {isa = PBXBuildFile; fileRef = B5A7793D286D8D520021098E /* libopencv_videoio.4.5.5.dylib */; };
		B5A779AE286D8D5B0021098E /* libopencv_highgui.4.5.5.dylib in Frameworks */ = {isa = PBXBuildFile; fileRef = B5A7793E286D8D520021098E /* libopencv_highgui.4.5.5.dylib */; };
		B5A779AF286D8D5B0021098E /* libopencv_bioinspired.4.5.5.dylib in Frameworks */ = {isa = PBXBuildFile; fileRef = B5A7793F286D8D520021098E /* libopencv_bioinspired.4.5.5.dylib */; };
		B5A779B0286D8D5B0021098E /* libopencv_videostab.4.5.5.dylib in Frameworks */ = {isa = PBXBuildFile; fileRef = B5A77940286D8D520021098E /* libopencv_videostab.4.5.5.dylib */; };
		B5A779B1286D8D5B0021098E /* libopencv_quality.a in Frameworks */ = {isa = PBXBuildFile; fileRef = B5A77941286D8D520021098E /* libopencv_quality.a */; };
		B5A779B2286D8D5B0021098E /* libopencv_ml.a in Frameworks */ = {isa = PBXBuildFile; fileRef = B5A77942286D8D520021098E /* libopencv_ml.a */; };
		B5A779B3286D8D5B0021098E /* libopencv_xfeatures2d.a in Frameworks */ = {isa = PBXBuildFile; fileRef = B5A77943286D8D520021098E /* libopencv_xfeatures2d.a */; };
		B5A779B4286D8D5B0021098E /* libopencv_stitching.a in Frameworks */ = {isa = PBXBuildFile; fileRef = B5A77944286D8D520021098E /* libopencv_stitching.a */; };
		B5A779B5286D8D5B0021098E /* libopencv_reg.4.5.5.dylib in Frameworks */ = {isa = PBXBuildFile; fileRef = B5A77945286D8D520021098E /* libopencv_reg.4.5.5.dylib */; };
		B5A779B6286D8D5B0021098E /* libopencv_bgsegm.a in Frameworks */ = {isa = PBXBuildFile; fileRef = B5A77946286D8D520021098E /* libopencv_bgsegm.a */; };
		B5A779B7286D8D5B0021098E /* libopencv_core.a in Frameworks */ = {isa = PBXBuildFile; fileRef = B5A77947286D8D520021098E /* libopencv_core.a */; };
		B5A779B8286D8D5B0021098E /* libopencv_freetype.4.5.5.dylib in Frameworks */ = {isa = PBXBuildFile; fileRef = B5A77948286D8D530021098E /* libopencv_freetype.4.5.5.dylib */; };
		B5A779B9286D8D5B0021098E /* libopencv_highgui.a in Frameworks */ = {isa = PBXBuildFile; fileRef = B5A77949286D8D530021098E /* libopencv_highgui.a */; };
		B5A779BA286D8D5B0021098E /* libopencv_structured_light.a in Frameworks */ = {isa = PBXBuildFile; fileRef = B5A7794A286D8D530021098E /* libopencv_structured_light.a */; };
		B5A779BB286D8D5B0021098E /* libopencv_mcc.a in Frameworks */ = {isa = PBXBuildFile; fileRef = B5A7794B286D8D530021098E /* libopencv_mcc.a */; };
		B5A779BC286D8D5B0021098E /* libopencv_calib3d.4.5.5.dylib in Frameworks */ = {isa = PBXBuildFile; fileRef = B5A7794C286D8D530021098E /* libopencv_calib3d.4.5.5.dylib */; };
		B5A779BD286D8D5B0021098E /* libopencv_viz.4.5.5.dylib in Frameworks */ = {isa = PBXBuildFile; fileRef = B5A7794D286D8D530021098E /* libopencv_viz.4.5.5.dylib */; };
		B5A779BE286D8D5B0021098E /* libopencv_gapi.a in Frameworks */ = {isa = PBXBuildFile; fileRef = B5A7794E286D8D530021098E /* libopencv_gapi.a */; };
		B5A779BF286D8D5B0021098E /* libopencv_ml.4.5.5.dylib in Frameworks */ = {isa = PBXBuildFile; fileRef = B5A7794F286D8D530021098E /* libopencv_ml.4.5.5.dylib */; };
		B5A779C0286D8D5B0021098E /* libopencv_rapid.a in Frameworks */ = {isa = PBXBuildFile; fileRef = B5A77950286D8D530021098E /* libopencv_rapid.a */; };
		B5A779C1286D8D5B0021098E /* libopencv_video.a in Frameworks */ = {isa = PBXBuildFile; fileRef = B5A77951286D8D530021098E /* libopencv_video.a */; };
		B5A779C2286D8D5B0021098E /* libopencv_datasets.a in Frameworks */ = {isa = PBXBuildFile; fileRef = B5A77952286D8D530021098E /* libopencv_datasets.a */; };
		B5A779C3286D8D5B0021098E /* libopencv_objdetect.a in Frameworks */ = {isa = PBXBuildFile; fileRef = B5A77953286D8D530021098E /* libopencv_objdetect.a */; };
		B5A779C4286D8D5B0021098E /* libopencv_features2d.a in Frameworks */ = {isa = PBXBuildFile; fileRef = B5A77954286D8D540021098E /* libopencv_features2d.a */; };
		B5A779C5286D8D5B0021098E /* libopencv_features2d.4.5.5.dylib in Frameworks */ = {isa = PBXBuildFile; fileRef = B5A77955286D8D540021098E /* libopencv_features2d.4.5.5.dylib */; };
		B5A779C6286D8D5B0021098E /* libopencv_datasets.4.5.5.dylib in Frameworks */ = {isa = PBXBuildFile; fileRef = B5A77956286D8D540021098E /* libopencv_datasets.4.5.5.dylib */; };
		B5A779C7286D8D5B0021098E /* libopencv_tracking.4.5.5.dylib in Frameworks */ = {isa = PBXBuildFile; fileRef = B5A77957286D8D540021098E /* libopencv_tracking.4.5.5.dylib */; };
		B5A779C8286D8D5B0021098E /* libopencv_optflow.4.5.5.dylib in Frameworks */ = {isa = PBXBuildFile; fileRef = B5A77958286D8D540021098E /* libopencv_optflow.4.5.5.dylib */; };
		B5A779C9286D8D5B0021098E /* libopencv_plot.4.5.5.dylib in Frameworks */ = {isa = PBXBuildFile; fileRef = B5A77959286D8D540021098E /* libopencv_plot.4.5.5.dylib */; };
		B5A779CA286D8D5B0021098E /* libopencv_flann.a in Frameworks */ = {isa = PBXBuildFile; fileRef = B5A7795A286D8D540021098E /* libopencv_flann.a */; };
		B5A779CB286D8D5B0021098E /* libopencv_alphamat.4.5.5.dylib in Frameworks */ = {isa = PBXBuildFile; fileRef = B5A7795B286D8D540021098E /* libopencv_alphamat.4.5.5.dylib */; };
		B5A779CC286D8D5B0021098E /* libopencv_ximgproc.a in Frameworks */ = {isa = PBXBuildFile; fileRef = B5A7795C286D8D540021098E /* libopencv_ximgproc.a */; };
		B5A779CD286D8D5B0021098E /* libopencv_text.a in Frameworks */ = {isa = PBXBuildFile; fileRef = B5A7795D286D8D540021098E /* libopencv_text.a */; };
		B5A779CE286D8D5C0021098E /* libopencv_quality.4.5.5.dylib in Frameworks */ = {isa = PBXBuildFile; fileRef = B5A7795E286D8D540021098E /* libopencv_quality.4.5.5.dylib */; };
		B5A779CF286D8D5C0021098E /* libopencv_shape.4.5.5.dylib in Frameworks */ = {isa = PBXBuildFile; fileRef = B5A7795F286D8D550021098E /* libopencv_shape.4.5.5.dylib */; };
		B5A779D0286D8D5C0021098E /* libopencv_videoio.a in Frameworks */ = {isa = PBXBuildFile; fileRef = B5A77960286D8D550021098E /* libopencv_videoio.a */; };
		B5A779D1286D8D5C0021098E /* libopencv_aruco.4.5.5.dylib in Frameworks */ = {isa = PBXBuildFile; fileRef = B5A77961286D8D550021098E /* libopencv_aruco.4.5.5.dylib */; };
		B5A779D2286D8D5C0021098E /* libopencv_barcode.4.5.5.dylib in Frameworks */ = {isa = PBXBuildFile; fileRef = B5A77962286D8D550021098E /* libopencv_barcode.4.5.5.dylib */; };
		B5A779D3286D8D5C0021098E /* libopencv_saliency.4.5.5.dylib in Frameworks */ = {isa = PBXBuildFile; fileRef = B5A77963286D8D550021098E /* libopencv_saliency.4.5.5.dylib */; };
		B5A779D4286D8D5C0021098E /* libopencv_sfm.a in Frameworks */ = {isa = PBXBuildFile; fileRef = B5A77964286D8D550021098E /* libopencv_sfm.a */; };
		B5A779D5286D8D5C0021098E /* libopencv_line_descriptor.a in Frameworks */ = {isa = PBXBuildFile; fileRef = B5A77965286D8D560021098E /* libopencv_line_descriptor.a */; };
		B5A779D6286D8D5C0021098E /* libopencv_dnn_objdetect.a in Frameworks */ = {isa = PBXBuildFile; fileRef = B5A77966286D8D560021098E /* libopencv_dnn_objdetect.a */; };
		B5A779D7286D8D5C0021098E /* libopencv_flann.4.5.5.dylib in Frameworks */ = {isa = PBXBuildFile; fileRef = B5A77967286D8D560021098E /* libopencv_flann.4.5.5.dylib */; };
		B5A779D8286D8D5C0021098E /* libopencv_photo.a in Frameworks */ = {isa = PBXBuildFile; fileRef = B5A77968286D8D560021098E /* libopencv_photo.a */; };
		B5A779D9286D8D5C0021098E /* libopencv_img_hash.4.5.5.dylib in Frameworks */ = {isa = PBXBuildFile; fileRef = B5A77969286D8D560021098E /* libopencv_img_hash.4.5.5.dylib */; };
		B5A779DA286D8D5C0021098E /* libopencv_imgcodecs.a in Frameworks */ = {isa = PBXBuildFile; fileRef = B5A7796A286D8D570021098E /* libopencv_imgcodecs.a */; };
		B5A779DB286D8D5C0021098E /* libopencv_line_descriptor.4.5.5.dylib in Frameworks */ = {isa = PBXBuildFile; fileRef = B5A7796B286D8D570021098E /* libopencv_line_descriptor.4.5.5.dylib */; };
		B5A779DC286D8D5C0021098E /* libopencv_stereo.a in Frameworks */ = {isa = PBXBuildFile; fileRef = B5A7796C286D8D570021098E /* libopencv_stereo.a */; };
		B5A779DD286D8D5C0021098E /* libopencv_phase_unwrapping.4.5.5.dylib in Frameworks */ = {isa = PBXBuildFile; fileRef = B5A7796D286D8D570021098E /* libopencv_phase_unwrapping.4.5.5.dylib */; };
		B5A779DE286D8D5C0021098E /* libopencv_dnn.4.5.5.dylib in Frameworks */ = {isa = PBXBuildFile; fileRef = B5A7796E286D8D570021098E /* libopencv_dnn.4.5.5.dylib */; };
		B5A779DF286D8D5C0021098E /* libopencv_fuzzy.a in Frameworks */ = {isa = PBXBuildFile; fileRef = B5A7796F286D8D570021098E /* libopencv_fuzzy.a */; };
		B5A779E0286D8D5C0021098E /* libopencv_superres.a in Frameworks */ = {isa = PBXBuildFile; fileRef = B5A77970286D8D580021098E /* libopencv_superres.a */; };
		B5A779E1286D8D5C0021098E /* libopencv_bioinspired.a in Frameworks */ = {isa = PBXBuildFile; fileRef = B5A77971286D8D580021098E /* libopencv_bioinspired.a */; };
		B5A779E2286D8D5C0021098E /* libopencv_dpm.a in Frameworks */ = {isa = PBXBuildFile; fileRef = B5A77972286D8D580021098E /* libopencv_dpm.a */; };
		B5A779E3286D8D5C0021098E /* libopencv_fuzzy.4.5.5.dylib in Frameworks */ = {isa = PBXBuildFile; fileRef = B5A77973286D8D580021098E /* libopencv_fuzzy.4.5.5.dylib */; };
		B5A779E4286D8D5C0021098E /* libopencv_alphamat.a in Frameworks */ = {isa = PBXBuildFile; fileRef = B5A77974286D8D590021098E /* libopencv_alphamat.a */; };
		B5A779E5286D8D5C0021098E /* libopencv_ccalib.a in Frameworks */ = {isa = PBXBuildFile; fileRef = B5A77975286D8D590021098E /* libopencv_ccalib.a */; };
		B5A779E6286D8D5C0021098E /* libopencv_xobjdetect.4.5.5.dylib in Frameworks */ = {isa = PBXBuildFile; fileRef = B5A77976286D8D590021098E /* libopencv_xobjdetect.4.5.5.dylib */; };
		B5A779E7286D8D5C0021098E /* libopencv_superres.4.5.5.dylib in Frameworks */ = {isa = PBXBuildFile; fileRef = B5A77977286D8D590021098E /* libopencv_superres.4.5.5.dylib */; };
		B5A779E8286D8D5C0021098E /* libopencv_calib3d.a in Frameworks */ = {isa = PBXBuildFile; fileRef = B5A77978286D8D590021098E /* libopencv_calib3d.a */; };
		B5A779E9286D8D5C0021098E /* libopencv_ccalib.4.5.5.dylib in Frameworks */ = {isa = PBXBuildFile; fileRef = B5A77979286D8D5A0021098E /* libopencv_ccalib.4.5.5.dylib */; };
		B5A779EA286D8D5C0021098E /* libopencv_shape.a in Frameworks */ = {isa = PBXBuildFile; fileRef = B5A7797A286D8D5A0021098E /* libopencv_shape.a */; };
		B5A779EB286D8D5C0021098E /* libopencv_video.4.5.5.dylib in Frameworks */ = {isa = PBXBuildFile; fileRef = B5A7797B286D8D5A0021098E /* libopencv_video.4.5.5.dylib */; };
		B5A779EC286D8D5C0021098E /* libopencv_dnn_superres.a in Frameworks */ = {isa = PBXBuildFile; fileRef = B5A7797C286D8D5A0021098E /* libopencv_dnn_superres.a */; };
		B5A779ED286D8D5C0021098E /* libopencv_gapi.4.5.5.dylib in Frameworks */ = {isa = PBXBuildFile; fileRef = B5A7797D286D8D5A0021098E /* libopencv_gapi.4.5.5.dylib */; };
/* End PBXBuildFile section */

/* Begin PBXCopyFilesBuildPhase section */
		B592DD41286C93B800AEF5E2 /* CopyFiles */ = {
			isa = PBXCopyFilesBuildPhase;
			buildActionMask = 2147483647;
			dstPath = /usr/share/man/man1/;
			dstSubfolderSpec = 0;
			files = (
			);
			runOnlyForDeploymentPostprocessing = 1;
		};
/* End PBXCopyFilesBuildPhase section */

/* Begin PBXFileReference section */
		B592DD43286C93B800AEF5E2 /* image_playground_opencv */ = {isa = PBXFileReference; explicitFileType = "compiled.mach-o.executable"; includeInIndex = 0; path = image_playground_opencv; sourceTree = BUILT_PRODUCTS_DIR; };
		B592DD46286C93B800AEF5E2 /* main.cpp */ = {isa = PBXFileReference; lastKnownFileType = sourcecode.cpp.cpp; path = main.cpp; sourceTree = "<group>"; };
		B5A7790E286D8D4D0021098E /* libopencv_imgproc.4.5.5.dylib */ = {isa = PBXFileReference; lastKnownFileType = "compiled.mach-o.dylib"; name = libopencv_imgproc.4.5.5.dylib; path = ../../../../../usr/local/Cellar/opencv/4.5.5_2/lib/libopencv_imgproc.4.5.5.dylib; sourceTree = "<group>"; };
		B5A7790F286D8D4D0021098E /* libopencv_stitching.4.5.5.dylib */ = {isa = PBXFileReference; lastKnownFileType = "compiled.mach-o.dylib"; name = libopencv_stitching.4.5.5.dylib; path = ../../../../../usr/local/Cellar/opencv/4.5.5_2/lib/libopencv_stitching.4.5.5.dylib; sourceTree = "<group>"; };
		B5A77910286D8D4E0021098E /* libopencv_hfs.4.5.5.dylib */ = {isa = PBXFileReference; lastKnownFileType = "compiled.mach-o.dylib"; name = libopencv_hfs.4.5.5.dylib; path = ../../../../../usr/local/Cellar/opencv/4.5.5_2/lib/libopencv_hfs.4.5.5.dylib; sourceTree = "<group>"; };
		B5A77911286D8D4E0021098E /* libopencv_dpm.4.5.5.dylib */ = {isa = PBXFileReference; lastKnownFileType = "compiled.mach-o.dylib"; name = libopencv_dpm.4.5.5.dylib; path = ../../../../../usr/local/Cellar/opencv/4.5.5_2/lib/libopencv_dpm.4.5.5.dylib; sourceTree = "<group>"; };
		B5A77912286D8D4E0021098E /* libopencv_mcc.4.5.5.dylib */ = {isa = PBXFileReference; lastKnownFileType = "compiled.mach-o.dylib"; name = libopencv_mcc.4.5.5.dylib; path = ../../../../../usr/local/Cellar/opencv/4.5.5_2/lib/libopencv_mcc.4.5.5.dylib; sourceTree = "<group>"; };
		B5A77913286D8D4E0021098E /* libopencv_plot.a */ = {isa = PBXFileReference; lastKnownFileType = archive.ar; name = libopencv_plot.a; path = ../../../../../usr/local/Cellar/opencv/4.5.5_2/lib/libopencv_plot.a; sourceTree = "<group>"; };
		B5A77914286D8D4E0021098E /* libopencv_face.4.5.5.dylib */ = {isa = PBXFileReference; lastKnownFileType = "compiled.mach-o.dylib"; name = libopencv_face.4.5.5.dylib; path = ../../../../../usr/local/Cellar/opencv/4.5.5_2/lib/libopencv_face.4.5.5.dylib; sourceTree = "<group>"; };
		B5A77915286D8D4E0021098E /* libopencv_imgproc.a */ = {isa = PBXFileReference; lastKnownFileType = archive.ar; name = libopencv_imgproc.a; path = ../../../../../usr/local/Cellar/opencv/4.5.5_2/lib/libopencv_imgproc.a; sourceTree = "<group>"; };
		B5A77916286D8D4E0021098E /* libopencv_xphoto.4.5.5.dylib */ = {isa = PBXFileReference; lastKnownFileType = "compiled.mach-o.dylib"; name = libopencv_xphoto.4.5.5.dylib; path = ../../../../../usr/local/Cellar/opencv/4.5.5_2/lib/libopencv_xphoto.4.5.5.dylib; sourceTree = "<group>"; };
		B5A77917286D8D4E0021098E /* libopencv_dnn_objdetect.4.5.5.dylib */ = {isa = PBXFileReference; lastKnownFileType = "compiled.mach-o.dylib"; name = libopencv_dnn_objdetect.4.5.5.dylib; path = ../../../../../usr/local/Cellar/opencv/4.5.5_2/lib/libopencv_dnn_objdetect.4.5.5.dylib; sourceTree = "<group>"; };
		B5A77918286D8D4E0021098E /* libopencv_xphoto.a */ = {isa = PBXFileReference; lastKnownFileType = archive.ar; name = libopencv_xphoto.a; path = ../../../../../usr/local/Cellar/opencv/4.5.5_2/lib/libopencv_xphoto.a; sourceTree = "<group>"; };
		B5A77919286D8D4E0021098E /* libopencv_face.a */ = {isa = PBXFileReference; lastKnownFileType = archive.ar; name = libopencv_face.a; path = ../../../../../usr/local/Cellar/opencv/4.5.5_2/lib/libopencv_face.a; sourceTree = "<group>"; };
		B5A7791A286D8D4E0021098E /* libopencv_bgsegm.4.5.5.dylib */ = {isa = PBXFileReference; lastKnownFileType = "compiled.mach-o.dylib"; name = libopencv_bgsegm.4.5.5.dylib; path = ../../../../../usr/local/Cellar/opencv/4.5.5_2/lib/libopencv_bgsegm.4.5.5.dylib; sourceTree = "<group>"; };
		B5A7791B286D8D4E0021098E /* libopencv_videostab.a */ = {isa = PBXFileReference; lastKnownFileType = archive.ar; name = libopencv_videostab.a; path = ../../../../../usr/local/Cellar/opencv/4.5.5_2/lib/libopencv_videostab.a; sourceTree = "<group>"; };
		B5A7791C286D8D4E0021098E /* libopencv_sfm.4.5.5.dylib */ = {isa = PBXFileReference; lastKnownFileType = "compiled.mach-o.dylib"; name = libopencv_sfm.4.5.5.dylib; path = ../../../../../usr/local/Cellar/opencv/4.5.5_2/lib/libopencv_sfm.4.5.5.dylib; sourceTree = "<group>"; };
		B5A7791D286D8D4F0021098E /* libopencv_reg.a */ = {isa = PBXFileReference; lastKnownFileType = archive.ar; name = libopencv_reg.a; path = ../../../../../usr/local/Cellar/opencv/4.5.5_2/lib/libopencv_reg.a; sourceTree = "<group>"; };
		B5A7791E286D8D4F0021098E /* libopencv_rapid.4.5.5.dylib */ = {isa = PBXFileReference; lastKnownFileType = "compiled.mach-o.dylib"; name = libopencv_rapid.4.5.5.dylib; path = ../../../../../usr/local/Cellar/opencv/4.5.5_2/lib/libopencv_rapid.4.5.5.dylib; sourceTree = "<group>"; };
		B5A7791F286D8D4F0021098E /* libopencv_ximgproc.4.5.5.dylib */ = {isa = PBXFileReference; lastKnownFileType = "compiled.mach-o.dylib"; name = libopencv_ximgproc.4.5.5.dylib; path = ../../../../../usr/local/Cellar/opencv/4.5.5_2/lib/libopencv_ximgproc.4.5.5.dylib; sourceTree = "<group>"; };
		B5A77920286D8D4F0021098E /* libopencv_xobjdetect.a */ = {isa = PBXFileReference; lastKnownFileType = archive.ar; name = libopencv_xobjdetect.a; path = ../../../../../usr/local/Cellar/opencv/4.5.5_2/lib/libopencv_xobjdetect.a; sourceTree = "<group>"; };
		B5A77921286D8D4F0021098E /* libopencv_dnn.a */ = {isa = PBXFileReference; lastKnownFileType = archive.ar; name = libopencv_dnn.a; path = ../../../../../usr/local/Cellar/opencv/4.5.5_2/lib/libopencv_dnn.a; sourceTree = "<group>"; };
		B5A77922286D8D4F0021098E /* libopencv_tracking.a */ = {isa = PBXFileReference; lastKnownFileType = archive.ar; name = libopencv_tracking.a; path = ../../../../../usr/local/Cellar/opencv/4.5.5_2/lib/libopencv_tracking.a; sourceTree = "<group>"; };
		B5A77923286D8D4F0021098E /* libopencv_barcode.a */ = {isa = PBXFileReference; lastKnownFileType = archive.ar; name = libopencv_barcode.a; path = ../../../../../usr/local/Cellar/opencv/4.5.5_2/lib/libopencv_barcode.a; sourceTree = "<group>"; };
		B5A77924286D8D4F0021098E /* libopencv_xfeatures2d.4.5.5.dylib */ = {isa = PBXFileReference; lastKnownFileType = "compiled.mach-o.dylib"; name = libopencv_xfeatures2d.4.5.5.dylib; path = ../../../../../usr/local/Cellar/opencv/4.5.5_2/lib/libopencv_xfeatures2d.4.5.5.dylib; sourceTree = "<group>"; };
		B5A77925286D8D4F0021098E /* libopencv_text.4.5.5.dylib */ = {isa = PBXFileReference; lastKnownFileType = "compiled.mach-o.dylib"; name = libopencv_text.4.5.5.dylib; path = ../../../../../usr/local/Cellar/opencv/4.5.5_2/lib/libopencv_text.4.5.5.dylib; sourceTree = "<group>"; };
		B5A77926286D8D4F0021098E /* libopencv_phase_unwrapping.a */ = {isa = PBXFileReference; lastKnownFileType = archive.ar; name = libopencv_phase_unwrapping.a; path = ../../../../../usr/local/Cellar/opencv/4.5.5_2/lib/libopencv_phase_unwrapping.a; sourceTree = "<group>"; };
		B5A77927286D8D4F0021098E /* libopencv_structured_light.4.5.5.dylib */ = {isa = PBXFileReference; lastKnownFileType = "compiled.mach-o.dylib"; name = libopencv_structured_light.4.5.5.dylib; path = ../../../../../usr/local/Cellar/opencv/4.5.5_2/lib/libopencv_structured_light.4.5.5.dylib; sourceTree = "<group>"; };
		B5A77928286D8D500021098E /* libopencv_saliency.a */ = {isa = PBXFileReference; lastKnownFileType = archive.ar; name = libopencv_saliency.a; path = ../../../../../usr/local/Cellar/opencv/4.5.5_2/lib/libopencv_saliency.a; sourceTree = "<group>"; };
		B5A77929286D8D500021098E /* libopencv_aruco.a */ = {isa = PBXFileReference; lastKnownFileType = archive.ar; name = libopencv_aruco.a; path = ../../../../../usr/local/Cellar/opencv/4.5.5_2/lib/libopencv_aruco.a; sourceTree = "<group>"; };
		B5A7792A286D8D500021098E /* libopencv_hfs.a */ = {isa = PBXFileReference; lastKnownFileType = archive.ar; name = libopencv_hfs.a; path = ../../../../../usr/local/Cellar/opencv/4.5.5_2/lib/libopencv_hfs.a; sourceTree = "<group>"; };
		B5A7792B286D8D500021098E /* libopencv_core.4.5.5.dylib */ = {isa = PBXFileReference; lastKnownFileType = "compiled.mach-o.dylib"; name = libopencv_core.4.5.5.dylib; path = ../../../../../usr/local/Cellar/opencv/4.5.5_2/lib/libopencv_core.4.5.5.dylib; sourceTree = "<group>"; };
		B5A7792C286D8D500021098E /* libopencv_surface_matching.a */ = {isa = PBXFileReference; lastKnownFileType = archive.ar; name = libopencv_surface_matching.a; path = ../../../../../usr/local/Cellar/opencv/4.5.5_2/lib/libopencv_surface_matching.a; sourceTree = "<group>"; };
		B5A7792D286D8D500021098E /* libopencv_surface_matching.4.5.5.dylib */ = {isa = PBXFileReference; lastKnownFileType = "compiled.mach-o.dylib"; name = libopencv_surface_matching.4.5.5.dylib; path = ../../../../../usr/local/Cellar/opencv/4.5.5_2/lib/libopencv_surface_matching.4.5.5.dylib; sourceTree = "<group>"; };
		B5A7792E286D8D500021098E /* libopencv_rgbd.4.5.5.dylib */ = {isa = PBXFileReference; lastKnownFileType = "compiled.mach-o.dylib"; name = libopencv_rgbd.4.5.5.dylib; path = ../../../../../usr/local/Cellar/opencv/4.5.5_2/lib/libopencv_rgbd.4.5.5.dylib; sourceTree = "<group>"; };
		B5A7792F286D8D500021098E /* libopencv_optflow.a */ = {isa = PBXFileReference; lastKnownFileType = archive.ar; name = libopencv_optflow.a; path = ../../../../../usr/local/Cellar/opencv/4.5.5_2/lib/libopencv_optflow.a; sourceTree = "<group>"; };
		B5A77930286D8D500021098E /* libopencv_wechat_qrcode.a */ = {isa = PBXFileReference; lastKnownFileType = archive.ar; name = libopencv_wechat_qrcode.a; path = ../../../../../usr/local/Cellar/opencv/4.5.5_2/lib/libopencv_wechat_qrcode.a; sourceTree = "<group>"; };
		B5A77931286D8D500021098E /* libopencv_wechat_qrcode.4.5.5.dylib */ = {isa = PBXFileReference; lastKnownFileType = "compiled.mach-o.dylib"; name = libopencv_wechat_qrcode.4.5.5.dylib; path = ../../../../../usr/local/Cellar/opencv/4.5.5_2/lib/libopencv_wechat_qrcode.4.5.5.dylib; sourceTree = "<group>"; };
		B5A77932286D8D500021098E /* libopencv_dnn_superres.4.5.5.dylib */ = {isa = PBXFileReference; lastKnownFileType = "compiled.mach-o.dylib"; name = libopencv_dnn_superres.4.5.5.dylib; path = ../../../../../usr/local/Cellar/opencv/4.5.5_2/lib/libopencv_dnn_superres.4.5.5.dylib; sourceTree = "<group>"; };
		B5A77933286D8D510021098E /* libopencv_photo.4.5.5.dylib */ = {isa = PBXFileReference; lastKnownFileType = "compiled.mach-o.dylib"; name = libopencv_photo.4.5.5.dylib; path = ../../../../../usr/local/Cellar/opencv/4.5.5_2/lib/libopencv_photo.4.5.5.dylib; sourceTree = "<group>"; };
		B5A77934286D8D510021098E /* libopencv_freetype.a */ = {isa = PBXFileReference; lastKnownFileType = archive.ar; name = libopencv_freetype.a; path = ../../../../../usr/local/Cellar/opencv/4.5.5_2/lib/libopencv_freetype.a; sourceTree = "<group>"; };
		B5A77935286D8D510021098E /* libopencv_rgbd.a */ = {isa = PBXFileReference; lastKnownFileType = archive.ar; name = libopencv_rgbd.a; path = ../../../../../usr/local/Cellar/opencv/4.5.5_2/lib/libopencv_rgbd.a; sourceTree = "<group>"; };
		B5A77936286D8D510021098E /* libopencv_stereo.4.5.5.dylib */ = {isa = PBXFileReference; lastKnownFileType = "compiled.mach-o.dylib"; name = libopencv_stereo.4.5.5.dylib; path = ../../../../../usr/local/Cellar/opencv/4.5.5_2/lib/libopencv_stereo.4.5.5.dylib; sourceTree = "<group>"; };
		B5A77937286D8D510021098E /* libopencv_objdetect.4.5.5.dylib */ = {isa = PBXFileReference; lastKnownFileType = "compiled.mach-o.dylib"; name = libopencv_objdetect.4.5.5.dylib; path = ../../../../../usr/local/Cellar/opencv/4.5.5_2/lib/libopencv_objdetect.4.5.5.dylib; sourceTree = "<group>"; };
		B5A77938286D8D510021098E /* libopencv_img_hash.a */ = {isa = PBXFileReference; lastKnownFileType = archive.ar; name = libopencv_img_hash.a; path = ../../../../../usr/local/Cellar/opencv/4.5.5_2/lib/libopencv_img_hash.a; sourceTree = "<group>"; };
		B5A77939286D8D510021098E /* libopencv_intensity_transform.a */ = {isa = PBXFileReference; lastKnownFileType = archive.ar; name = libopencv_intensity_transform.a; path = ../../../../../usr/local/Cellar/opencv/4.5.5_2/lib/libopencv_intensity_transform.a; sourceTree = "<group>"; };
		B5A7793A286D8D510021098E /* libopencv_viz.a */ = {isa = PBXFileReference; lastKnownFileType = archive.ar; name = libopencv_viz.a; path = ../../../../../usr/local/Cellar/opencv/4.5.5_2/lib/libopencv_viz.a; sourceTree = "<group>"; };
		B5A7793B286D8D510021098E /* libopencv_imgcodecs.4.5.5.dylib */ = {isa = PBXFileReference; lastKnownFileType = "compiled.mach-o.dylib"; name = libopencv_imgcodecs.4.5.5.dylib; path = ../../../../../usr/local/Cellar/opencv/4.5.5_2/lib/libopencv_imgcodecs.4.5.5.dylib; sourceTree = "<group>"; };
		B5A7793C286D8D510021098E /* libopencv_intensity_transform.4.5.5.dylib */ = {isa = PBXFileReference; lastKnownFileType = "compiled.mach-o.dylib"; name = libopencv_intensity_transform.4.5.5.dylib; path = ../../../../../usr/local/Cellar/opencv/4.5.5_2/lib/libopencv_intensity_transform.4.5.5.dylib; sourceTree = "<group>"; };
		B5A7793D286D8D520021098E /* libopencv_videoio.4.5.5.dylib */ = {isa = PBXFileReference; lastKnownFileType = "compiled.mach-o.dylib"; name = libopencv_videoio.4.5.5.dylib; path = ../../../../../usr/local/Cellar/opencv/4.5.5_2/lib/libopencv_videoio.4.5.5.dylib; sourceTree = "<group>"; };
		B5A7793E286D8D520021098E /* libopencv_highgui.4.5.5.dylib */ = {isa = PBXFileReference; lastKnownFileType = "compiled.mach-o.dylib"; name = libopencv_highgui.4.5.5.dylib; path = ../../../../../usr/local/Cellar/opencv/4.5.5_2/lib/libopencv_highgui.4.5.5.dylib; sourceTree = "<group>"; };
		B5A7793F286D8D520021098E /* libopencv_bioinspired.4.5.5.dylib */ = {isa = PBXFileReference; lastKnownFileType = "compiled.mach-o.dylib"; name = libopencv_bioinspired.4.5.5.dylib; path = ../../../../../usr/local/Cellar/opencv/4.5.5_2/lib/libopencv_bioinspired.4.5.5.dylib; sourceTree = "<group>"; };
		B5A77940286D8D520021098E /* libopencv_videostab.4.5.5.dylib */ = {isa = PBXFileReference; lastKnownFileType = "compiled.mach-o.dylib"; name = libopencv_videostab.4.5.5.dylib; path = ../../../../../usr/local/Cellar/opencv/4.5.5_2/lib/libopencv_videostab.4.5.5.dylib; sourceTree = "<group>"; };
		B5A77941286D8D520021098E /* libopencv_quality.a */ = {isa = PBXFileReference; lastKnownFileType = archive.ar; name = libopencv_quality.a; path = ../../../../../usr/local/Cellar/opencv/4.5.5_2/lib/libopencv_quality.a; sourceTree = "<group>"; };
		B5A77942286D8D520021098E /* libopencv_ml.a */ = {isa = PBXFileReference; lastKnownFileType = archive.ar; name = libopencv_ml.a; path = ../../../../../usr/local/Cellar/opencv/4.5.5_2/lib/libopencv_ml.a; sourceTree = "<group>"; };
		B5A77943286D8D520021098E /* libopencv_xfeatures2d.a */ = {isa = PBXFileReference; lastKnownFileType = archive.ar; name = libopencv_xfeatures2d.a; path = ../../../../../usr/local/Cellar/opencv/4.5.5_2/lib/libopencv_xfeatures2d.a; sourceTree = "<group>"; };
		B5A77944286D8D520021098E /* libopencv_stitching.a */ = {isa = PBXFileReference; lastKnownFileType = archive.ar; name = libopencv_stitching.a; path = ../../../../../usr/local/Cellar/opencv/4.5.5_2/lib/libopencv_stitching.a; sourceTree = "<group>"; };
		B5A77945286D8D520021098E /* libopencv_reg.4.5.5.dylib */ = {isa = PBXFileReference; lastKnownFileType = "compiled.mach-o.dylib"; name = libopencv_reg.4.5.5.dylib; path = ../../../../../usr/local/Cellar/opencv/4.5.5_2/lib/libopencv_reg.4.5.5.dylib; sourceTree = "<group>"; };
		B5A77946286D8D520021098E /* libopencv_bgsegm.a */ = {isa = PBXFileReference; lastKnownFileType = archive.ar; name = libopencv_bgsegm.a; path = ../../../../../usr/local/Cellar/opencv/4.5.5_2/lib/libopencv_bgsegm.a; sourceTree = "<group>"; };
		B5A77947286D8D520021098E /* libopencv_core.a */ = {isa = PBXFileReference; lastKnownFileType = archive.ar; name = libopencv_core.a; path = ../../../../../usr/local/Cellar/opencv/4.5.5_2/lib/libopencv_core.a; sourceTree = "<group>"; };
		B5A77948286D8D530021098E /* libopencv_freetype.4.5.5.dylib */ = {isa = PBXFileReference; lastKnownFileType = "compiled.mach-o.dylib"; name = libopencv_freetype.4.5.5.dylib; path = ../../../../../usr/local/Cellar/opencv/4.5.5_2/lib/libopencv_freetype.4.5.5.dylib; sourceTree = "<group>"; };
		B5A77949286D8D530021098E /* libopencv_highgui.a */ = {isa = PBXFileReference; lastKnownFileType = archive.ar; name = libopencv_highgui.a; path = ../../../../../usr/local/Cellar/opencv/4.5.5_2/lib/libopencv_highgui.a; sourceTree = "<group>"; };
		B5A7794A286D8D530021098E /* libopencv_structured_light.a */ = {isa = PBXFileReference; lastKnownFileType = archive.ar; name = libopencv_structured_light.a; path = ../../../../../usr/local/Cellar/opencv/4.5.5_2/lib/libopencv_structured_light.a; sourceTree = "<group>"; };
		B5A7794B286D8D530021098E /* libopencv_mcc.a */ = {isa = PBXFileReference; lastKnownFileType = archive.ar; name = libopencv_mcc.a; path = ../../../../../usr/local/Cellar/opencv/4.5.5_2/lib/libopencv_mcc.a; sourceTree = "<group>"; };
		B5A7794C286D8D530021098E /* libopencv_calib3d.4.5.5.dylib */ = {isa = PBXFileReference; lastKnownFileType = "compiled.mach-o.dylib"; name = libopencv_calib3d.4.5.5.dylib; path = ../../../../../usr/local/Cellar/opencv/4.5.5_2/lib/libopencv_calib3d.4.5.5.dylib; sourceTree = "<group>"; };
		B5A7794D286D8D530021098E /* libopencv_viz.4.5.5.dylib */ = {isa = PBXFileReference; lastKnownFileType = "compiled.mach-o.dylib"; name = libopencv_viz.4.5.5.dylib; path = ../../../../../usr/local/Cellar/opencv/4.5.5_2/lib/libopencv_viz.4.5.5.dylib; sourceTree = "<group>"; };
		B5A7794E286D8D530021098E /* libopencv_gapi.a */ = {isa = PBXFileReference; lastKnownFileType = archive.ar; name = libopencv_gapi.a; path = ../../../../../usr/local/Cellar/opencv/4.5.5_2/lib/libopencv_gapi.a; sourceTree = "<group>"; };
		B5A7794F286D8D530021098E /* libopencv_ml.4.5.5.dylib */ = {isa = PBXFileReference; lastKnownFileType = "compiled.mach-o.dylib"; name = libopencv_ml.4.5.5.dylib; path = ../../../../../usr/local/Cellar/opencv/4.5.5_2/lib/libopencv_ml.4.5.5.dylib; sourceTree = "<group>"; };
		B5A77950286D8D530021098E /* libopencv_rapid.a */ = {isa = PBXFileReference; lastKnownFileType = archive.ar; name = libopencv_rapid.a; path = ../../../../../usr/local/Cellar/opencv/4.5.5_2/lib/libopencv_rapid.a; sourceTree = "<group>"; };
		B5A77951286D8D530021098E /* libopencv_video.a */ = {isa = PBXFileReference; lastKnownFileType = archive.ar; name = libopencv_video.a; path = ../../../../../usr/local/Cellar/opencv/4.5.5_2/lib/libopencv_video.a; sourceTree = "<group>"; };
		B5A77952286D8D530021098E /* libopencv_datasets.a */ = {isa = PBXFileReference; lastKnownFileType = archive.ar; name = libopencv_datasets.a; path = ../../../../../usr/local/Cellar/opencv/4.5.5_2/lib/libopencv_datasets.a; sourceTree = "<group>"; };
		B5A77953286D8D530021098E /* libopencv_objdetect.a */ = {isa = PBXFileReference; lastKnownFileType = archive.ar; name = libopencv_objdetect.a; path = ../../../../../usr/local/Cellar/opencv/4.5.5_2/lib/libopencv_objdetect.a; sourceTree = "<group>"; };
		B5A77954286D8D540021098E /* libopencv_features2d.a */ = {isa = PBXFileReference; lastKnownFileType = archive.ar; name = libopencv_features2d.a; path = ../../../../../usr/local/Cellar/opencv/4.5.5_2/lib/libopencv_features2d.a; sourceTree = "<group>"; };
		B5A77955286D8D540021098E /* libopencv_features2d.4.5.5.dylib */ = {isa = PBXFileReference; lastKnownFileType = "compiled.mach-o.dylib"; name = libopencv_features2d.4.5.5.dylib; path = ../../../../../usr/local/Cellar/opencv/4.5.5_2/lib/libopencv_features2d.4.5.5.dylib; sourceTree = "<group>"; };
		B5A77956286D8D540021098E /* libopencv_datasets.4.5.5.dylib */ = {isa = PBXFileReference; lastKnownFileType = "compiled.mach-o.dylib"; name = libopencv_datasets.4.5.5.dylib; path = ../../../../../usr/local/Cellar/opencv/4.5.5_2/lib/libopencv_datasets.4.5.5.dylib; sourceTree = "<group>"; };
		B5A77957286D8D540021098E /* libopencv_tracking.4.5.5.dylib */ = {isa = PBXFileReference; lastKnownFileType = "compiled.mach-o.dylib"; name = libopencv_tracking.4.5.5.dylib; path = ../../../../../usr/local/Cellar/opencv/4.5.5_2/lib/libopencv_tracking.4.5.5.dylib; sourceTree = "<group>"; };
		B5A77958286D8D540021098E /* libopencv_optflow.4.5.5.dylib */ = {isa = PBXFileReference; lastKnownFileType = "compiled.mach-o.dylib"; name = libopencv_optflow.4.5.5.dylib; path = ../../../../../usr/local/Cellar/opencv/4.5.5_2/lib/libopencv_optflow.4.5.5.dylib; sourceTree = "<group>"; };
		B5A77959286D8D540021098E /* libopencv_plot.4.5.5.dylib */ = {isa = PBXFileReference; lastKnownFileType = "compiled.mach-o.dylib"; name = libopencv_plot.4.5.5.dylib; path = ../../../../../usr/local/Cellar/opencv/4.5.5_2/lib/libopencv_plot.4.5.5.dylib; sourceTree = "<group>"; };
		B5A7795A286D8D540021098E /* libopencv_flann.a */ = {isa = PBXFileReference; lastKnownFileType = archive.ar; name = libopencv_flann.a; path = ../../../../../usr/local/Cellar/opencv/4.5.5_2/lib/libopencv_flann.a; sourceTree = "<group>"; };
		B5A7795B286D8D540021098E /* libopencv_alphamat.4.5.5.dylib */ = {isa = PBXFileReference; lastKnownFileType = "compiled.mach-o.dylib"; name = libopencv_alphamat.4.5.5.dylib; path = ../../../../../usr/local/Cellar/opencv/4.5.5_2/lib/libopencv_alphamat.4.5.5.dylib; sourceTree = "<group>"; };
		B5A7795C286D8D540021098E /* libopencv_ximgproc.a */ = {isa = PBXFileReference; lastKnownFileType = archive.ar; name = libopencv_ximgproc.a; path = ../../../../../usr/local/Cellar/opencv/4.5.5_2/lib/libopencv_ximgproc.a; sourceTree = "<group>"; };
		B5A7795D286D8D540021098E /* libopencv_text.a */ = {isa = PBXFileReference; lastKnownFileType = archive.ar; name = libopencv_text.a; path = ../../../../../usr/local/Cellar/opencv/4.5.5_2/lib/libopencv_text.a; sourceTree = "<group>"; };
		B5A7795E286D8D540021098E /* libopencv_quality.4.5.5.dylib */ = {isa = PBXFileReference; lastKnownFileType = "compiled.mach-o.dylib"; name = libopencv_quality.4.5.5.dylib; path = ../../../../../usr/local/Cellar/opencv/4.5.5_2/lib/libopencv_quality.4.5.5.dylib; sourceTree = "<group>"; };
		B5A7795F286D8D550021098E /* libopencv_shape.4.5.5.dylib */ = {isa = PBXFileReference; lastKnownFileType = "compiled.mach-o.dylib"; name = libopencv_shape.4.5.5.dylib; path = ../../../../../usr/local/Cellar/opencv/4.5.5_2/lib/libopencv_shape.4.5.5.dylib; sourceTree = "<group>"; };
		B5A77960286D8D550021098E /* libopencv_videoio.a */ = {isa = PBXFileReference; lastKnownFileType = archive.ar; name = libopencv_videoio.a; path = ../../../../../usr/local/Cellar/opencv/4.5.5_2/lib/libopencv_videoio.a; sourceTree = "<group>"; };
		B5A77961286D8D550021098E /* libopencv_aruco.4.5.5.dylib */ = {isa = PBXFileReference; lastKnownFileType = "compiled.mach-o.dylib"; name = libopencv_aruco.4.5.5.dylib; path = ../../../../../usr/local/Cellar/opencv/4.5.5_2/lib/libopencv_aruco.4.5.5.dylib; sourceTree = "<group>"; };
		B5A77962286D8D550021098E /* libopencv_barcode.4.5.5.dylib */ = {isa = PBXFileReference; lastKnownFileType = "compiled.mach-o.dylib"; name = libopencv_barcode.4.5.5.dylib; path = ../../../../../usr/local/Cellar/opencv/4.5.5_2/lib/libopencv_barcode.4.5.5.dylib; sourceTree = "<group>"; };
		B5A77963286D8D550021098E /* libopencv_saliency.4.5.5.dylib */ = {isa = PBXFileReference; lastKnownFileType = "compiled.mach-o.dylib"; name = libopencv_saliency.4.5.5.dylib; path = ../../../../../usr/local/Cellar/opencv/4.5.5_2/lib/libopencv_saliency.4.5.5.dylib; sourceTree = "<group>"; };
		B5A77964286D8D550021098E /* libopencv_sfm.a */ = {isa = PBXFileReference; lastKnownFileType = archive.ar; name = libopencv_sfm.a; path = ../../../../../usr/local/Cellar/opencv/4.5.5_2/lib/libopencv_sfm.a; sourceTree = "<group>"; };
		B5A77965286D8D560021098E /* libopencv_line_descriptor.a */ = {isa = PBXFileReference; lastKnownFileType = archive.ar; name = libopencv_line_descriptor.a; path = ../../../../../usr/local/Cellar/opencv/4.5.5_2/lib/libopencv_line_descriptor.a; sourceTree = "<group>"; };
		B5A77966286D8D560021098E /* libopencv_dnn_objdetect.a */ = {isa = PBXFileReference; lastKnownFileType = archive.ar; name = libopencv_dnn_objdetect.a; path = ../../../../../usr/local/Cellar/opencv/4.5.5_2/lib/libopencv_dnn_objdetect.a; sourceTree = "<group>"; };
		B5A77967286D8D560021098E /* libopencv_flann.4.5.5.dylib */ = {isa = PBXFileReference; lastKnownFileType = "compiled.mach-o.dylib"; name = libopencv_flann.4.5.5.dylib; path = ../../../../../usr/local/Cellar/opencv/4.5.5_2/lib/libopencv_flann.4.5.5.dylib; sourceTree = "<group>"; };
		B5A77968286D8D560021098E /* libopencv_photo.a */ = {isa = PBXFileReference; lastKnownFileType = archive.ar; name = libopencv_photo.a; path = ../../../../../usr/local/Cellar/opencv/4.5.5_2/lib/libopencv_photo.a; sourceTree = "<group>"; };
		B5A77969286D8D560021098E /* libopencv_img_hash.4.5.5.dylib */ = {isa = PBXFileReference; lastKnownFileType = "compiled.mach-o.dylib"; name = libopencv_img_hash.4.5.5.dylib; path = ../../../../../usr/local/Cellar/opencv/4.5.5_2/lib/libopencv_img_hash.4.5.5.dylib; sourceTree = "<group>"; };
		B5A7796A286D8D570021098E /* libopencv_imgcodecs.a */ = {isa = PBXFileReference; lastKnownFileType = archive.ar; name = libopencv_imgcodecs.a; path = ../../../../../usr/local/Cellar/opencv/4.5.5_2/lib/libopencv_imgcodecs.a; sourceTree = "<group>"; };
		B5A7796B286D8D570021098E /* libopencv_line_descriptor.4.5.5.dylib */ = {isa = PBXFileReference; lastKnownFileType = "compiled.mach-o.dylib"; name = libopencv_line_descriptor.4.5.5.dylib; path = ../../../../../usr/local/Cellar/opencv/4.5.5_2/lib/libopencv_line_descriptor.4.5.5.dylib; sourceTree = "<group>"; };
		B5A7796C286D8D570021098E /* libopencv_stereo.a */ = {isa = PBXFileReference; lastKnownFileType = archive.ar; name = libopencv_stereo.a; path = ../../../../../usr/local/Cellar/opencv/4.5.5_2/lib/libopencv_stereo.a; sourceTree = "<group>"; };
		B5A7796D286D8D570021098E /* libopencv_phase_unwrapping.4.5.5.dylib */ = {isa = PBXFileReference; lastKnownFileType = "compiled.mach-o.dylib"; name = libopencv_phase_unwrapping.4.5.5.dylib; path = ../../../../../usr/local/Cellar/opencv/4.5.5_2/lib/libopencv_phase_unwrapping.4.5.5.dylib; sourceTree = "<group>"; };
		B5A7796E286D8D570021098E /* libopencv_dnn.4.5.5.dylib */ = {isa = PBXFileReference; lastKnownFileType = "compiled.mach-o.dylib"; name = libopencv_dnn.4.5.5.dylib; path = ../../../../../usr/local/Cellar/opencv/4.5.5_2/lib/libopencv_dnn.4.5.5.dylib; sourceTree = "<group>"; };
		B5A7796F286D8D570021098E /* libopencv_fuzzy.a */ = {isa = PBXFileReference; lastKnownFileType = archive.ar; name = libopencv_fuzzy.a; path = ../../../../../usr/local/Cellar/opencv/4.5.5_2/lib/libopencv_fuzzy.a; sourceTree = "<group>"; };
		B5A77970286D8D580021098E /* libopencv_superres.a */ = {isa = PBXFileReference; lastKnownFileType = archive.ar; name = libopencv_superres.a; path = ../../../../../usr/local/Cellar/opencv/4.5.5_2/lib/libopencv_superres.a; sourceTree = "<group>"; };
		B5A77971286D8D580021098E /* libopencv_bioinspired.a */ = {isa = PBXFileReference; lastKnownFileType = archive.ar; name = libopencv_bioinspired.a; path = ../../../../../usr/local/Cellar/opencv/4.5.5_2/lib/libopencv_bioinspired.a; sourceTree = "<group>"; };
		B5A77972286D8D580021098E /* libopencv_dpm.a */ = {isa = PBXFileReference; lastKnownFileType = archive.ar; name = libopencv_dpm.a; path = ../../../../../usr/local/Cellar/opencv/4.5.5_2/lib/libopencv_dpm.a; sourceTree = "<group>"; };
		B5A77973286D8D580021098E /* libopencv_fuzzy.4.5.5.dylib */ = {isa = PBXFileReference; lastKnownFileType = "compiled.mach-o.dylib"; name = libopencv_fuzzy.4.5.5.dylib; path = ../../../../../usr/local/Cellar/opencv/4.5.5_2/lib/libopencv_fuzzy.4.5.5.dylib; sourceTree = "<group>"; };
		B5A77974286D8D590021098E /* libopencv_alphamat.a */ = {isa = PBXFileReference; lastKnownFileType = archive.ar; name = libopencv_alphamat.a; path = ../../../../../usr/local/Cellar/opencv/4.5.5_2/lib/libopencv_alphamat.a; sourceTree = "<group>"; };
		B5A77975286D8D590021098E /* libopencv_ccalib.a */ = {isa = PBXFileReference; lastKnownFileType = archive.ar; name = libopencv_ccalib.a; path = ../../../../../usr/local/Cellar/opencv/4.5.5_2/lib/libopencv_ccalib.a; sourceTree = "<group>"; };
		B5A77976286D8D590021098E /* libopencv_xobjdetect.4.5.5.dylib */ = {isa = PBXFileReference; lastKnownFileType = "compiled.mach-o.dylib"; name = libopencv_xobjdetect.4.5.5.dylib; path = ../../../../../usr/local/Cellar/opencv/4.5.5_2/lib/libopencv_xobjdetect.4.5.5.dylib; sourceTree = "<group>"; };
		B5A77977286D8D590021098E /* libopencv_superres.4.5.5.dylib */ = {isa = PBXFileReference; lastKnownFileType = "compiled.mach-o.dylib"; name = libopencv_superres.4.5.5.dylib; path = ../../../../../usr/local/Cellar/opencv/4.5.5_2/lib/libopencv_superres.4.5.5.dylib; sourceTree = "<group>"; };
		B5A77978286D8D590021098E /* libopencv_calib3d.a */ = {isa = PBXFileReference; lastKnownFileType = archive.ar; name = libopencv_calib3d.a; path = ../../../../../usr/local/Cellar/opencv/4.5.5_2/lib/libopencv_calib3d.a; sourceTree = "<group>"; };
		B5A77979286D8D5A0021098E /* libopencv_ccalib.4.5.5.dylib */ = {isa = PBXFileReference; lastKnownFileType = "compiled.mach-o.dylib"; name = libopencv_ccalib.4.5.5.dylib; path = ../../../../../usr/local/Cellar/opencv/4.5.5_2/lib/libopencv_ccalib.4.5.5.dylib; sourceTree = "<group>"; };
		B5A7797A286D8D5A0021098E /* libopencv_shape.a */ = {isa = PBXFileReference; lastKnownFileType = archive.ar; name = libopencv_shape.a; path = ../../../../../usr/local/Cellar/opencv/4.5.5_2/lib/libopencv_shape.a; sourceTree = "<group>"; };
		B5A7797B286D8D5A0021098E /* libopencv_video.4.5.5.dylib */ = {isa = PBXFileReference; lastKnownFileType = "compiled.mach-o.dylib"; name = libopencv_video.4.5.5.dylib; path = ../../../../../usr/local/Cellar/opencv/4.5.5_2/lib/libopencv_video.4.5.5.dylib; sourceTree = "<group>"; };
		B5A7797C286D8D5A0021098E /* libopencv_dnn_superres.a */ = {isa = PBXFileReference; lastKnownFileType = archive.ar; name = libopencv_dnn_superres.a; path = ../../../../../usr/local/Cellar/opencv/4.5.5_2/lib/libopencv_dnn_superres.a; sourceTree = "<group>"; };
		B5A7797D286D8D5A0021098E /* libopencv_gapi.4.5.5.dylib */ = {isa = PBXFileReference; lastKnownFileType = "compiled.mach-o.dylib"; name = libopencv_gapi.4.5.5.dylib; path = ../../../../../usr/local/Cellar/opencv/4.5.5_2/lib/libopencv_gapi.4.5.5.dylib; sourceTree = "<group>"; };
		B5A779EE286D8E750021098E /* image_playground_opencv.entitlements */ = {isa = PBXFileReference; lastKnownFileType = text.plist.entitlements; path = image_playground_opencv.entitlements; sourceTree = "<group>"; };
/* End PBXFileReference section */

/* Begin PBXFrameworksBuildPhase section */
		B592DD40286C93B800AEF5E2 /* Frameworks */ = {
			isa = PBXFrameworksBuildPhase;
			buildActionMask = 2147483647;
			files = (
				B5A779A7286D8D5B0021098E /* libopencv_objdetect.4.5.5.dylib in Frameworks */,
				B5A7798B286D8D5B0021098E /* libopencv_videostab.a in Frameworks */,
				B5A779BB286D8D5B0021098E /* libopencv_mcc.a in Frameworks */,
				B5A77998286D8D5B0021098E /* libopencv_saliency.a in Frameworks */,
				B5A7798C286D8D5B0021098E /* libopencv_sfm.4.5.5.dylib in Frameworks */,
				B5A779CC286D8D5B0021098E /* libopencv_ximgproc.a in Frameworks */,
				B5A7798F286D8D5B0021098E /* libopencv_ximgproc.4.5.5.dylib in Frameworks */,
				B5A779C6286D8D5B0021098E /* libopencv_datasets.4.5.5.dylib in Frameworks */,
				B5A779CE286D8D5C0021098E /* libopencv_quality.4.5.5.dylib in Frameworks */,
				B5A7799D286D8D5B0021098E /* libopencv_surface_matching.4.5.5.dylib in Frameworks */,
				B5A779E2286D8D5C0021098E /* libopencv_dpm.a in Frameworks */,
				B5A7797E286D8D5A0021098E /* libopencv_imgproc.4.5.5.dylib in Frameworks */,
				B5A779D6286D8D5C0021098E /* libopencv_dnn_objdetect.a in Frameworks */,
				B5A779DD286D8D5C0021098E /* libopencv_phase_unwrapping.4.5.5.dylib in Frameworks */,
				B5A779D4286D8D5C0021098E /* libopencv_sfm.a in Frameworks */,
				B5A779AE286D8D5B0021098E /* libopencv_highgui.4.5.5.dylib in Frameworks */,
				B5A779B1286D8D5B0021098E /* libopencv_quality.a in Frameworks */,
				B5A7799A286D8D5B0021098E /* libopencv_hfs.a in Frameworks */,
				B5A77992286D8D5B0021098E /* libopencv_tracking.a in Frameworks */,
				B5A77987286D8D5B0021098E /* libopencv_dnn_objdetect.4.5.5.dylib in Frameworks */,
				B5A779E3286D8D5C0021098E /* libopencv_fuzzy.4.5.5.dylib in Frameworks */,
				B5A779BC286D8D5B0021098E /* libopencv_calib3d.4.5.5.dylib in Frameworks */,
				B5A77999286D8D5B0021098E /* libopencv_aruco.a in Frameworks */,
				B5A7798E286D8D5B0021098E /* libopencv_rapid.4.5.5.dylib in Frameworks */,
				B5A779D9286D8D5C0021098E /* libopencv_img_hash.4.5.5.dylib in Frameworks */,
				B5A779DF286D8D5C0021098E /* libopencv_fuzzy.a in Frameworks */,
				B5A779A8286D8D5B0021098E /* libopencv_img_hash.a in Frameworks */,
				B5A779A1286D8D5B0021098E /* libopencv_wechat_qrcode.4.5.5.dylib in Frameworks */,
				B5A779CB286D8D5B0021098E /* libopencv_alphamat.4.5.5.dylib in Frameworks */,
				B5A779B4286D8D5B0021098E /* libopencv_stitching.a in Frameworks */,
				B5A7799B286D8D5B0021098E /* libopencv_core.4.5.5.dylib in Frameworks */,
				B5A779D5286D8D5C0021098E /* libopencv_line_descriptor.a in Frameworks */,
				B5A779DB286D8D5C0021098E /* libopencv_line_descriptor.4.5.5.dylib in Frameworks */,
				B5A779B8286D8D5B0021098E /* libopencv_freetype.4.5.5.dylib in Frameworks */,
				B5A77986286D8D5B0021098E /* libopencv_xphoto.4.5.5.dylib in Frameworks */,
				B5A77991286D8D5B0021098E /* libopencv_dnn.a in Frameworks */,
				B5A779A9286D8D5B0021098E /* libopencv_intensity_transform.a in Frameworks */,
				B5A779D1286D8D5C0021098E /* libopencv_aruco.4.5.5.dylib in Frameworks */,
				B5A77984286D8D5B0021098E /* libopencv_face.4.5.5.dylib in Frameworks */,
				B5A779A4286D8D5B0021098E /* libopencv_freetype.a in Frameworks */,
				B5A779B9286D8D5B0021098E /* libopencv_highgui.a in Frameworks */,
				B5A779C7286D8D5B0021098E /* libopencv_tracking.4.5.5.dylib in Frameworks */,
				B5A779DC286D8D5C0021098E /* libopencv_stereo.a in Frameworks */,
				B5A779EC286D8D5C0021098E /* libopencv_dnn_superres.a in Frameworks */,
				B5A779B3286D8D5B0021098E /* libopencv_xfeatures2d.a in Frameworks */,
				B5A779BF286D8D5B0021098E /* libopencv_ml.4.5.5.dylib in Frameworks */,
				B5A779D3286D8D5C0021098E /* libopencv_saliency.4.5.5.dylib in Frameworks */,
				B5A77990286D8D5B0021098E /* libopencv_xobjdetect.a in Frameworks */,
				B5A779EA286D8D5C0021098E /* libopencv_shape.a in Frameworks */,
				B5A779C9286D8D5B0021098E /* libopencv_plot.4.5.5.dylib in Frameworks */,
				B5A779C4286D8D5B0021098E /* libopencv_features2d.a in Frameworks */,
				B5A779D8286D8D5C0021098E /* libopencv_photo.a in Frameworks */,
				B5A77993286D8D5B0021098E /* libopencv_barcode.a in Frameworks */,
				B5A779A3286D8D5B0021098E /* libopencv_photo.4.5.5.dylib in Frameworks */,
				B5A779DA286D8D5C0021098E /* libopencv_imgcodecs.a in Frameworks */,
				B5A779B7286D8D5B0021098E /* libopencv_core.a in Frameworks */,
				B5A779E7286D8D5C0021098E /* libopencv_superres.4.5.5.dylib in Frameworks */,
				B5A779AD286D8D5B0021098E /* libopencv_videoio.4.5.5.dylib in Frameworks */,
				B5A779E8286D8D5C0021098E /* libopencv_calib3d.a in Frameworks */,
				B5A7798A286D8D5B0021098E /* libopencv_bgsegm.4.5.5.dylib in Frameworks */,
				B5A779EB286D8D5C0021098E /* libopencv_video.4.5.5.dylib in Frameworks */,
				B5A779A2286D8D5B0021098E /* libopencv_dnn_superres.4.5.5.dylib in Frameworks */,
				B5A779BA286D8D5B0021098E /* libopencv_structured_light.a in Frameworks */,
				B5A77997286D8D5B0021098E /* libopencv_structured_light.4.5.5.dylib in Frameworks */,
				B5A779B2286D8D5B0021098E /* libopencv_ml.a in Frameworks */,
				B5A779AC286D8D5B0021098E /* libopencv_intensity_transform.4.5.5.dylib in Frameworks */,
				B5A779E0286D8D5C0021098E /* libopencv_superres.a in Frameworks */,
				B5A779E4286D8D5C0021098E /* libopencv_alphamat.a in Frameworks */,
				B5A77988286D8D5B0021098E /* libopencv_xphoto.a in Frameworks */,
				B5A779E5286D8D5C0021098E /* libopencv_ccalib.a in Frameworks */,
				B5A77981286D8D5B0021098E /* libopencv_dpm.4.5.5.dylib in Frameworks */,
				B5A779C8286D8D5B0021098E /* libopencv_optflow.4.5.5.dylib in Frameworks */,
				B5A779A6286D8D5B0021098E /* libopencv_stereo.4.5.5.dylib in Frameworks */,
				B5A779C3286D8D5B0021098E /* libopencv_objdetect.a in Frameworks */,
				B5A779CA286D8D5B0021098E /* libopencv_flann.a in Frameworks */,
				B5A779CF286D8D5C0021098E /* libopencv_shape.4.5.5.dylib in Frameworks */,
				B5A779E9286D8D5C0021098E /* libopencv_ccalib.4.5.5.dylib in Frameworks */,
				B5A779B0286D8D5B0021098E /* libopencv_videostab.4.5.5.dylib in Frameworks */,
				B5A77980286D8D5B0021098E /* libopencv_hfs.4.5.5.dylib in Frameworks */,
				B5A77985286D8D5B0021098E /* libopencv_imgproc.a in Frameworks */,
				B5A779DE286D8D5C0021098E /* libopencv_dnn.4.5.5.dylib in Frameworks */,
				B5A779C5286D8D5B0021098E /* libopencv_features2d.4.5.5.dylib in Frameworks */,
				B5A779D2286D8D5C0021098E /* libopencv_barcode.4.5.5.dylib in Frameworks */,
				B5A77994286D8D5B0021098E /* libopencv_xfeatures2d.4.5.5.dylib in Frameworks */,
				B5A779C2286D8D5B0021098E /* libopencv_datasets.a in Frameworks */,
				B5A77995286D8D5B0021098E /* libopencv_text.4.5.5.dylib in Frameworks */,
				B5A779ED286D8D5C0021098E /* libopencv_gapi.4.5.5.dylib in Frameworks */,
				B5A779C1286D8D5B0021098E /* libopencv_video.a in Frameworks */,
				B5A77996286D8D5B0021098E /* libopencv_phase_unwrapping.a in Frameworks */,
				B5A779B5286D8D5B0021098E /* libopencv_reg.4.5.5.dylib in Frameworks */,
				B5A7799C286D8D5B0021098E /* libopencv_surface_matching.a in Frameworks */,
				B5A779A0286D8D5B0021098E /* libopencv_wechat_qrcode.a in Frameworks */,
				B5A77982286D8D5B0021098E /* libopencv_mcc.4.5.5.dylib in Frameworks */,
				B5A779D7286D8D5C0021098E /* libopencv_flann.4.5.5.dylib in Frameworks */,
				B5A779B6286D8D5B0021098E /* libopencv_bgsegm.a in Frameworks */,
				B5A7797F286D8D5B0021098E /* libopencv_stitching.4.5.5.dylib in Frameworks */,
				B5A7798D286D8D5B0021098E /* libopencv_reg.a in Frameworks */,
				B5A7799F286D8D5B0021098E /* libopencv_optflow.a in Frameworks */,
				B5A779CD286D8D5B0021098E /* libopencv_text.a in Frameworks */,
				B5A77983286D8D5B0021098E /* libopencv_plot.a in Frameworks */,
				B5A779AA286D8D5B0021098E /* libopencv_viz.a in Frameworks */,
				B5A77989286D8D5B0021098E /* libopencv_face.a in Frameworks */,
				B5A779E6286D8D5C0021098E /* libopencv_xobjdetect.4.5.5.dylib in Frameworks */,
				B5A7799E286D8D5B0021098E /* libopencv_rgbd.4.5.5.dylib in Frameworks */,
				B5A779AB286D8D5B0021098E /* libopencv_imgcodecs.4.5.5.dylib in Frameworks */,
				B5A779BD286D8D5B0021098E /* libopencv_viz.4.5.5.dylib in Frameworks */,
				B5A779D0286D8D5C0021098E /* libopencv_videoio.a in Frameworks */,
				B5A779E1286D8D5C0021098E /* libopencv_bioinspired.a in Frameworks */,
				B5A779AF286D8D5B0021098E /* libopencv_bioinspired.4.5.5.dylib in Frameworks */,
				B5A779BE286D8D5B0021098E /* libopencv_gapi.a in Frameworks */,
				B5A779A5286D8D5B0021098E /* libopencv_rgbd.a in Frameworks */,
				B5A779C0286D8D5B0021098E /* libopencv_rapid.a in Frameworks */,
			);
			runOnlyForDeploymentPostprocessing = 0;
		};
/* End PBXFrameworksBuildPhase section */

/* Begin PBXGroup section */
		B592DD3A286C93B800AEF5E2 = {
			isa = PBXGroup;
			children = (
				B5A7795B286D8D540021098E /* libopencv_alphamat.4.5.5.dylib */,
				B5A77974286D8D590021098E /* libopencv_alphamat.a */,
				B5A77961286D8D550021098E /* libopencv_aruco.4.5.5.dylib */,
				B5A77929286D8D500021098E /* libopencv_aruco.a */,
				B5A77962286D8D550021098E /* libopencv_barcode.4.5.5.dylib */,
				B5A77923286D8D4F0021098E /* libopencv_barcode.a */,
				B5A7791A286D8D4E0021098E /* libopencv_bgsegm.4.5.5.dylib */,
				B5A77946286D8D520021098E /* libopencv_bgsegm.a */,
				B5A7793F286D8D520021098E /* libopencv_bioinspired.4.5.5.dylib */,
				B5A77971286D8D580021098E /* libopencv_bioinspired.a */,
				B5A7794C286D8D530021098E /* libopencv_calib3d.4.5.5.dylib */,
				B5A77978286D8D590021098E /* libopencv_calib3d.a */,
				B5A77979286D8D5A0021098E /* libopencv_ccalib.4.5.5.dylib */,
				B5A77975286D8D590021098E /* libopencv_ccalib.a */,
				B5A7792B286D8D500021098E /* libopencv_core.4.5.5.dylib */,
				B5A77947286D8D520021098E /* libopencv_core.a */,
				B5A77956286D8D540021098E /* libopencv_datasets.4.5.5.dylib */,
				B5A77952286D8D530021098E /* libopencv_datasets.a */,
				B5A77917286D8D4E0021098E /* libopencv_dnn_objdetect.4.5.5.dylib */,
				B5A77966286D8D560021098E /* libopencv_dnn_objdetect.a */,
				B5A77932286D8D500021098E /* libopencv_dnn_superres.4.5.5.dylib */,
				B5A7797C286D8D5A0021098E /* libopencv_dnn_superres.a */,
				B5A7796E286D8D570021098E /* libopencv_dnn.4.5.5.dylib */,
				B5A77921286D8D4F0021098E /* libopencv_dnn.a */,
				B5A77911286D8D4E0021098E /* libopencv_dpm.4.5.5.dylib */,
				B5A77972286D8D580021098E /* libopencv_dpm.a */,
				B5A77914286D8D4E0021098E /* libopencv_face.4.5.5.dylib */,
				B5A77919286D8D4E0021098E /* libopencv_face.a */,
				B5A77955286D8D540021098E /* libopencv_features2d.4.5.5.dylib */,
				B5A77954286D8D540021098E /* libopencv_features2d.a */,
				B5A77967286D8D560021098E /* libopencv_flann.4.5.5.dylib */,
				B5A7795A286D8D540021098E /* libopencv_flann.a */,
				B5A77948286D8D530021098E /* libopencv_freetype.4.5.5.dylib */,
				B5A77934286D8D510021098E /* libopencv_freetype.a */,
				B5A77973286D8D580021098E /* libopencv_fuzzy.4.5.5.dylib */,
				B5A7796F286D8D570021098E /* libopencv_fuzzy.a */,
				B5A7797D286D8D5A0021098E /* libopencv_gapi.4.5.5.dylib */,
				B5A7794E286D8D530021098E /* libopencv_gapi.a */,
				B5A77910286D8D4E0021098E /* libopencv_hfs.4.5.5.dylib */,
				B5A7792A286D8D500021098E /* libopencv_hfs.a */,
				B5A7793E286D8D520021098E /* libopencv_highgui.4.5.5.dylib */,
				B5A77949286D8D530021098E /* libopencv_highgui.a */,
				B5A77969286D8D560021098E /* libopencv_img_hash.4.5.5.dylib */,
				B5A77938286D8D510021098E /* libopencv_img_hash.a */,
				B5A7793B286D8D510021098E /* libopencv_imgcodecs.4.5.5.dylib */,
				B5A7796A286D8D570021098E /* libopencv_imgcodecs.a */,
				B5A7790E286D8D4D0021098E /* libopencv_imgproc.4.5.5.dylib */,
				B5A77915286D8D4E0021098E /* libopencv_imgproc.a */,
				B5A7793C286D8D510021098E /* libopencv_intensity_transform.4.5.5.dylib */,
				B5A77939286D8D510021098E /* libopencv_intensity_transform.a */,
				B5A7796B286D8D570021098E /* libopencv_line_descriptor.4.5.5.dylib */,
				B5A77965286D8D560021098E /* libopencv_line_descriptor.a */,
				B5A77912286D8D4E0021098E /* libopencv_mcc.4.5.5.dylib */,
				B5A7794B286D8D530021098E /* libopencv_mcc.a */,
				B5A7794F286D8D530021098E /* libopencv_ml.4.5.5.dylib */,
				B5A77942286D8D520021098E /* libopencv_ml.a */,
				B5A77937286D8D510021098E /* libopencv_objdetect.4.5.5.dylib */,
				B5A77953286D8D530021098E /* libopencv_objdetect.a */,
				B5A77958286D8D540021098E /* libopencv_optflow.4.5.5.dylib */,
				B5A7792F286D8D500021098E /* libopencv_optflow.a */,
				B5A7796D286D8D570021098E /* libopencv_phase_unwrapping.4.5.5.dylib */,
				B5A77926286D8D4F0021098E /* libopencv_phase_unwrapping.a */,
				B5A77933286D8D510021098E /* libopencv_photo.4.5.5.dylib */,
				B5A77968286D8D560021098E /* libopencv_photo.a */,
				B5A77959286D8D540021098E /* libopencv_plot.4.5.5.dylib */,
				B5A77913286D8D4E0021098E /* libopencv_plot.a */,
				B5A7795E286D8D540021098E /* libopencv_quality.4.5.5.dylib */,
				B5A77941286D8D520021098E /* libopencv_quality.a */,
				B5A7791E286D8D4F0021098E /* libopencv_rapid.4.5.5.dylib */,
				B5A77950286D8D530021098E /* libopencv_rapid.a */,
				B5A77945286D8D520021098E /* libopencv_reg.4.5.5.dylib */,
				B5A7791D286D8D4F0021098E /* libopencv_reg.a */,
				B5A7792E286D8D500021098E /* libopencv_rgbd.4.5.5.dylib */,
				B5A77935286D8D510021098E /* libopencv_rgbd.a */,
				B5A77963286D8D550021098E /* libopencv_saliency.4.5.5.dylib */,
				B5A77928286D8D500021098E /* libopencv_saliency.a */,
				B5A7791C286D8D4E0021098E /* libopencv_sfm.4.5.5.dylib */,
				B5A77964286D8D550021098E /* libopencv_sfm.a */,
				B5A7795F286D8D550021098E /* libopencv_shape.4.5.5.dylib */,
				B5A7797A286D8D5A0021098E /* libopencv_shape.a */,
				B5A77936286D8D510021098E /* libopencv_stereo.4.5.5.dylib */,
				B5A7796C286D8D570021098E /* libopencv_stereo.a */,
				B5A7790F286D8D4D0021098E /* libopencv_stitching.4.5.5.dylib */,
				B5A77944286D8D520021098E /* libopencv_stitching.a */,
				B5A77927286D8D4F0021098E /* libopencv_structured_light.4.5.5.dylib */,
				B5A7794A286D8D530021098E /* libopencv_structured_light.a */,
				B5A77977286D8D590021098E /* libopencv_superres.4.5.5.dylib */,
				B5A77970286D8D580021098E /* libopencv_superres.a */,
				B5A7792D286D8D500021098E /* libopencv_surface_matching.4.5.5.dylib */,
				B5A7792C286D8D500021098E /* libopencv_surface_matching.a */,
				B5A77925286D8D4F0021098E /* libopencv_text.4.5.5.dylib */,
				B5A7795D286D8D540021098E /* libopencv_text.a */,
				B5A77957286D8D540021098E /* libopencv_tracking.4.5.5.dylib */,
				B5A77922286D8D4F0021098E /* libopencv_tracking.a */,
				B5A7797B286D8D5A0021098E /* libopencv_video.4.5.5.dylib */,
				B5A77951286D8D530021098E /* libopencv_video.a */,
				B5A7793D286D8D520021098E /* libopencv_videoio.4.5.5.dylib */,
				B5A77960286D8D550021098E /* libopencv_videoio.a */,
				B5A77940286D8D520021098E /* libopencv_videostab.4.5.5.dylib */,
				B5A7791B286D8D4E0021098E /* libopencv_videostab.a */,
				B5A7794D286D8D530021098E /* libopencv_viz.4.5.5.dylib */,
				B5A7793A286D8D510021098E /* libopencv_viz.a */,
				B5A77931286D8D500021098E /* libopencv_wechat_qrcode.4.5.5.dylib */,
				B5A77930286D8D500021098E /* libopencv_wechat_qrcode.a */,
				B5A77924286D8D4F0021098E /* libopencv_xfeatures2d.4.5.5.dylib */,
				B5A77943286D8D520021098E /* libopencv_xfeatures2d.a */,
				B5A7791F286D8D4F0021098E /* libopencv_ximgproc.4.5.5.dylib */,
				B5A7795C286D8D540021098E /* libopencv_ximgproc.a */,
				B5A77976286D8D590021098E /* libopencv_xobjdetect.4.5.5.dylib */,
				B5A77920286D8D4F0021098E /* libopencv_xobjdetect.a */,
				B5A77916286D8D4E0021098E /* libopencv_xphoto.4.5.5.dylib */,
				B5A77918286D8D4E0021098E /* libopencv_xphoto.a */,
				B592DD45286C93B800AEF5E2 /* image_playground_opencv */,
				B592DD44286C93B800AEF5E2 /* Products */,
			);
			sourceTree = "<group>";
		};
		B592DD44286C93B800AEF5E2 /* Products */ = {
			isa = PBXGroup;
			children = (
				B592DD43286C93B800AEF5E2 /* image_playground_opencv */,
			);
			name = Products;
			sourceTree = "<group>";
		};
		B592DD45286C93B800AEF5E2 /* image_playground_opencv */ = {
			isa = PBXGroup;
			children = (
				B5A779EE286D8E750021098E /* image_playground_opencv.entitlements */,
				B592DD46286C93B800AEF5E2 /* main.cpp */,
			);
			path = image_playground_opencv;
			sourceTree = "<group>";
		};
/* End PBXGroup section */

/* Begin PBXNativeTarget section */
		B592DD42286C93B800AEF5E2 /* image_playground_opencv */ = {
			isa = PBXNativeTarget;
			buildConfigurationList = B592DD4A286C93B800AEF5E2 /* Build configuration list for PBXNativeTarget "image_playground_opencv" */;
			buildPhases = (
				B592DD3F286C93B800AEF5E2 /* Sources */,
				B592DD40286C93B800AEF5E2 /* Frameworks */,
				B592DD41286C93B800AEF5E2 /* CopyFiles */,
			);
			buildRules = (
			);
			dependencies = (
			);
			name = image_playground_opencv;
			productName = image_playground_opencv;
			productReference = B592DD43286C93B800AEF5E2 /* image_playground_opencv */;
			productType = "com.apple.product-type.tool";
		};
/* End PBXNativeTarget section */

/* Begin PBXProject section */
		B592DD3B286C93B800AEF5E2 /* Project object */ = {
			isa = PBXProject;
			attributes = {
				BuildIndependentTargetsInParallel = 1;
				LastUpgradeCheck = 1330;
				TargetAttributes = {
					B592DD42286C93B800AEF5E2 = {
						CreatedOnToolsVersion = 13.3.1;
					};
				};
			};
			buildConfigurationList = B592DD3E286C93B800AEF5E2 /* Build configuration list for PBXProject "image_playground_opencv" */;
			compatibilityVersion = "Xcode 13.0";
			developmentRegion = en;
			hasScannedForEncodings = 0;
			knownRegions = (
				en,
				Base,
			);
			mainGroup = B592DD3A286C93B800AEF5E2;
			productRefGroup = B592DD44286C93B800AEF5E2 /* Products */;
			projectDirPath = "";
			projectRoot = "";
			targets = (
				B592DD42286C93B800AEF5E2 /* image_playground_opencv */,
			);
		};
/* End PBXProject section */

/* Begin PBXSourcesBuildPhase section */
		B592DD3F286C93B800AEF5E2 /* Sources */ = {
			isa = PBXSourcesBuildPhase;
			buildActionMask = 2147483647;
			files = (
				B592DD47286C93B800AEF5E2 /* main.cpp in Sources */,
			);
			runOnlyForDeploymentPostprocessing = 0;
		};
/* End PBXSourcesBuildPhase section */

/* Begin XCBuildConfiguration section */
		B592DD48286C93B800AEF5E2 /* Debug */ = {
			isa = XCBuildConfiguration;
			buildSettings = {
				ALWAYS_SEARCH_USER_PATHS = NO;
				CLANG_ANALYZER_NONNULL = YES;
				CLANG_ANALYZER_NUMBER_OBJECT_CONVERSION = YES_AGGRESSIVE;
				CLANG_CXX_LANGUAGE_STANDARD = "gnu++17";
				CLANG_ENABLE_MODULES = YES;
				CLANG_ENABLE_OBJC_ARC = YES;
				CLANG_ENABLE_OBJC_WEAK = YES;
				CLANG_WARN_BLOCK_CAPTURE_AUTORELEASING = YES;
				CLANG_WARN_BOOL_CONVERSION = YES;
				CLANG_WARN_COMMA = YES;
				CLANG_WARN_CONSTANT_CONVERSION = YES;
				CLANG_WARN_DEPRECATED_OBJC_IMPLEMENTATIONS = YES;
				CLANG_WARN_DIRECT_OBJC_ISA_USAGE = YES_ERROR;
				CLANG_WARN_DOCUMENTATION_COMMENTS = YES;
				CLANG_WARN_EMPTY_BODY = YES;
				CLANG_WARN_ENUM_CONVERSION = YES;
				CLANG_WARN_INFINITE_RECURSION = YES;
				CLANG_WARN_INT_CONVERSION = YES;
				CLANG_WARN_NON_LITERAL_NULL_CONVERSION = YES;
				CLANG_WARN_OBJC_IMPLICIT_RETAIN_SELF = YES;
				CLANG_WARN_OBJC_LITERAL_CONVERSION = YES;
				CLANG_WARN_OBJC_ROOT_CLASS = YES_ERROR;
				CLANG_WARN_QUOTED_INCLUDE_IN_FRAMEWORK_HEADER = YES;
				CLANG_WARN_RANGE_LOOP_ANALYSIS = YES;
				CLANG_WARN_STRICT_PROTOTYPES = YES;
				CLANG_WARN_SUSPICIOUS_MOVE = YES;
				CLANG_WARN_UNGUARDED_AVAILABILITY = YES_AGGRESSIVE;
				CLANG_WARN_UNREACHABLE_CODE = YES;
				CLANG_WARN__DUPLICATE_METHOD_MATCH = YES;
				COPY_PHASE_STRIP = NO;
				DEBUG_INFORMATION_FORMAT = dwarf;
				ENABLE_STRICT_OBJC_MSGSEND = YES;
				ENABLE_TESTABILITY = YES;
				GCC_C_LANGUAGE_STANDARD = gnu11;
				GCC_DYNAMIC_NO_PIC = NO;
				GCC_NO_COMMON_BLOCKS = YES;
				GCC_OPTIMIZATION_LEVEL = 0;
				GCC_PREPROCESSOR_DEFINITIONS = (
					"DEBUG=1",
					"$(inherited)",
				);
				GCC_WARN_64_TO_32_BIT_CONVERSION = YES;
				GCC_WARN_ABOUT_RETURN_TYPE = YES_ERROR;
				GCC_WARN_UNDECLARED_SELECTOR = YES;
				GCC_WARN_UNINITIALIZED_AUTOS = YES_AGGRESSIVE;
				GCC_WARN_UNUSED_FUNCTION = YES;
				GCC_WARN_UNUSED_VARIABLE = YES;
				HEADER_SEARCH_PATHS = /usr/local/Cellar/opencv/4.5.0_3/include;
				LIBRARY_SEARCH_PATHS = /usr/local/Cellar/opencv/4.5.0_3/lib;
				MACOSX_DEPLOYMENT_TARGET = 12.2;
				MTL_ENABLE_DEBUG_INFO = INCLUDE_SOURCE;
				MTL_FAST_MATH = YES;
				ONLY_ACTIVE_ARCH = YES;
				SDKROOT = macosx;
			};
			name = Debug;
		};
		B592DD49286C93B800AEF5E2 /* Release */ = {
			isa = XCBuildConfiguration;
			buildSettings = {
				ALWAYS_SEARCH_USER_PATHS = NO;
				CLANG_ANALYZER_NONNULL = YES;
				CLANG_ANALYZER_NUMBER_OBJECT_CONVERSION = YES_AGGRESSIVE;
				CLANG_CXX_LANGUAGE_STANDARD = "gnu++17";
				CLANG_ENABLE_MODULES = YES;
				CLANG_ENABLE_OBJC_ARC = YES;
				CLANG_ENABLE_OBJC_WEAK = YES;
				CLANG_WARN_BLOCK_CAPTURE_AUTORELEASING = YES;
				CLANG_WARN_BOOL_CONVERSION = YES;
				CLANG_WARN_COMMA = YES;
				CLANG_WARN_CONSTANT_CONVERSION = YES;
				CLANG_WARN_DEPRECATED_OBJC_IMPLEMENTATIONS = YES;
				CLANG_WARN_DIRECT_OBJC_ISA_USAGE = YES_ERROR;
				CLANG_WARN_DOCUMENTATION_COMMENTS = YES;
				CLANG_WARN_EMPTY_BODY = YES;
				CLANG_WARN_ENUM_CONVERSION = YES;
				CLANG_WARN_INFINITE_RECURSION = YES;
				CLANG_WARN_INT_CONVERSION = YES;
				CLANG_WARN_NON_LITERAL_NULL_CONVERSION = YES;
				CLANG_WARN_OBJC_IMPLICIT_RETAIN_SELF = YES;
				CLANG_WARN_OBJC_LITERAL_CONVERSION = YES;
				CLANG_WARN_OBJC_ROOT_CLASS = YES_ERROR;
				CLANG_WARN_QUOTED_INCLUDE_IN_FRAMEWORK_HEADER = YES;
				CLANG_WARN_RANGE_LOOP_ANALYSIS = YES;
				CLANG_WARN_STRICT_PROTOTYPES = YES;
				CLANG_WARN_SUSPICIOUS_MOVE = YES;
				CLANG_WARN_UNGUARDED_AVAILABILITY = YES_AGGRESSIVE;
				CLANG_WARN_UNREACHABLE_CODE = YES;
				CLANG_WARN__DUPLICATE_METHOD_MATCH = YES;
				COPY_PHASE_STRIP = NO;
				DEBUG_INFORMATION_FORMAT = "dwarf-with-dsym";
				ENABLE_NS_ASSERTIONS = NO;
				ENABLE_STRICT_OBJC_MSGSEND = YES;
				GCC_C_LANGUAGE_STANDARD = gnu11;
				GCC_NO_COMMON_BLOCKS = YES;
				GCC_WARN_64_TO_32_BIT_CONVERSION = YES;
				GCC_WARN_ABOUT_RETURN_TYPE = YES_ERROR;
				GCC_WARN_UNDECLARED_SELECTOR = YES;
				GCC_WARN_UNINITIALIZED_AUTOS = YES_AGGRESSIVE;
				GCC_WARN_UNUSED_FUNCTION = YES;
				GCC_WARN_UNUSED_VARIABLE = YES;
				HEADER_SEARCH_PATHS = /usr/local/Cellar/opencv/4.5.0_3/include;
				LIBRARY_SEARCH_PATHS = /usr/local/Cellar/opencv/4.5.0_3/lib;
				MACOSX_DEPLOYMENT_TARGET = 12.2;
				MTL_ENABLE_DEBUG_INFO = NO;
				MTL_FAST_MATH = YES;
				SDKROOT = macosx;
			};
			name = Release;
		};
		B592DD4B286C93B800AEF5E2 /* Debug */ = {
			isa = XCBuildConfiguration;
			buildSettings = {
				CODE_SIGN_ENTITLEMENTS = image_playground_opencv/image_playground_opencv.entitlements;
				CODE_SIGN_STYLE = Automatic;
				DEVELOPMENT_TEAM = 8L9PNAL35Q;
				ENABLE_HARDENED_RUNTIME = YES;
				HEADER_SEARCH_PATHS = (
					/usr/local/Cellar/opencv/4.5.5_2/include/opencv4/,
					"\n/usr/local/Cellar/opencv/4.5.5_2/include/opencv4/",
					"\n/usr/local/Cellar/opencv/4.5.5_2/include/opencv4/",
					"\n/usr/local/Cellar/opencv/4.5.5_2/include/opencv4/",
					"\n/usr/local/Cellar/opencv/4.5.5_2/include/opencv4/",
					"\n/usr/local/Cellar/opencv/4.5.5_2/include/opencv4/**",
				);
				LIBRARY_SEARCH_PATHS = (
					"$(inherited)",
					/usr/local/Cellar/opencv/4.5.5_2/lib,
				);
				PRODUCT_NAME = "$(TARGET_NAME)";
			};
			name = Debug;
		};
		B592DD4C286C93B800AEF5E2 /* Release */ = {
			isa = XCBuildConfiguration;
			buildSettings = {
				CODE_SIGN_ENTITLEMENTS = image_playground_opencv/image_playground_opencv.entitlements;
				CODE_SIGN_STYLE = Automatic;
				DEVELOPMENT_TEAM = 8L9PNAL35Q;
				ENABLE_HARDENED_RUNTIME = YES;
				HEADER_SEARCH_PATHS = (
					/usr/local/Cellar/opencv/4.5.5_2/include/opencv4/,
					"\n/usr/local/Cellar/opencv/4.5.5_2/include/opencv4/",
					"\n/usr/local/Cellar/opencv/4.5.5_2/include/opencv4/",
					"\n/usr/local/Cellar/opencv/4.5.5_2/include/opencv4/",
					"\n/usr/local/Cellar/opencv/4.5.5_2/include/opencv4/",
					"\n/usr/local/Cellar/opencv/4.5.5_2/include/opencv4/**",
				);
				LIBRARY_SEARCH_PATHS = (
					"$(inherited)",
					/usr/local/Cellar/opencv/4.5.5_2/lib,
				);
				PRODUCT_NAME = "$(TARGET_NAME)";
			};
			name = Release;
		};
/* End XCBuildConfiguration section */

/* Begin XCConfigurationList section */
		B592DD3E286C93B800AEF5E2 /* Build configuration list for PBXProject "image_playground_opencv" */ = {
			isa = XCConfigurationList;
			buildConfigurations = (
				B592DD48286C93B800AEF5E2 /* Debug */,
				B592DD49286C93B800AEF5E2 /* Release */,
			);
			defaultConfigurationIsVisible = 0;
			defaultConfigurationName = Release;
		};
		B592DD4A286C93B800AEF5E2 /* Build configuration list for PBXNativeTarget "image_playground_opencv" */ = {
			isa = XCConfigurationList;
			buildConfigurations = (
				B592DD4B286C93B800AEF5E2 /* Debug */,
				B592DD4C286C93B800AEF5E2 /* Release */,
			);
			defaultConfigurationIsVisible = 0;
			defaultConfigurationName = Release;
		};
/* End XCConfigurationList section */
	};
	rootObject = B592DD3B286C93B800AEF5E2 /* Project object */;
}
